PODS:
  - Swifter (2.1.0)

DEPENDENCIES:
  - Swifter (from `https://github.com/mattdonnelly/Swifter.git`, tag `2.1.0`)

EXTERNAL SOURCES:
  Swifter:
    :git: https://github.com/mattdonnelly/Swifter.git
    :tag: 2.1.0

CHECKOUT OPTIONS:
  Swifter:
    :git: https://github.com/mattdonnelly/Swifter.git
    :tag: 2.1.0

SPEC CHECKSUMS:
  Swifter: bbf4ebde56c9f8c13e6c7270bf6841a5f29dfda3

PODFILE CHECKSUM: 24737ec56ce057f5f82cf45283df6dc6b95296cb

COCOAPODS: 1.8.4
